<?xml version="1.0" encoding="utf-8"?>
<Project ToolsVersion="4.0" xmlns="http://schemas.microsoft.com/developer/msbuild/2003">
  <ItemGroup>
    <Filter Include="Source Files">
      <UniqueIdentifier>{4FC737F1-C7A5-4376-A066-2A32D752A2FF}</UniqueIdentifier>
      <Extensions>cpp;c;cc;cxx;c++;cppm;ixx;def;odl;idl;hpj;bat;asm;asmx</Extensions>
    </Filter>
    <Filter Include="Header Files">
      <UniqueIdentifier>{93995380-89BD-4b04-88EB-625FBE52EBFB}</UniqueIdentifier>
      <Extensions>h;hh;hpp;hxx;h++;hm;inl;inc;ipp;xsd</Extensions>
    </Filter>
    <Filter Include="Resource Files">
      <UniqueIdentifier>{67DA6AB6-F800-4c08-8B7A-83BB121AAD01}</UniqueIdentifier>
      <Extensions>rc;ico;cur;bmp;dlg;rc2;rct;bin;rgs;gif;jpg;jpeg;jpe;resx;tiff;tif;png;wav;mfcribbon-ms</Extensions>
    </Filter>
    <Filter Include="Components">
      <UniqueIdentifier>{61c8d1e5-a03a-46a4-a2ba-305c02f9930a}</UniqueIdentifier>
    </Filter>
  </ItemGroup>
  <ItemGroup>
    <ClCompile Include="..\..\src\Mar.io\MarIo.cpp">
      <Filter>Source Files</Filter>
    </ClCompile>
    <ClCompile Include="..\..\src\Mar.io\Components\SideMovement.cpp">
      <Filter>Components</Filter>
    </ClCompile>
    <ClCompile Include="..\..\src\Mar.io\Components\CameraFollow.cpp">
      <Filter>Components</Filter>
    </ClCompile>
    <ClCompile Include="..\..\src\Mar.io\Components\Chest.cpp">
      <Filter>Components</Filter>
    </ClCompile>
    <ClCompile Include="..\..\src\Mar.io\Components\Coin.cpp">
      <Filter>Components</Filter>
    </ClCompile>
    <ClCompile Include="..\..\src\Mar.io\Components\ContactDamage.cpp">
      <Filter>Components</Filter>
    </ClCompile>
    <ClCompile Include="..\..\src\Mar.io\Components\FallDamage.cpp">
      <Filter>Components</Filter>
    </ClCompile>
    <ClCompile Include="..\..\src\Mar.io\Components\Fist.cpp">
      <Filter>Components</Filter>
    </ClCompile>
    <ClCompile Include="..\..\src\Mar.io\Components\GameManager.cpp">
      <Filter>Components</Filter>
    </ClCompile>
    <ClCompile Include="..\..\src\Mar.io\Components\Health.cpp">
      <Filter>Components</Filter>
    </ClCompile>
    <ClCompile Include="..\..\src\Mar.io\Components\PlayerMovementController.cpp">
      <Filter>Components</Filter>
    </ClCompile>
    <ClCompile Include="..\..\src\Mar.io\Components\PlayerSetting.cpp">
      <Filter>Components</Filter>
    </ClCompile>
    <ClCompile Include="..\..\src\Mar.io\Components\Score.cpp">
      <Filter>Components</Filter>
    </ClCompile>
    <ClCompile Include="..\..\src\Mar.io\Components\HeartPowerUp.cpp">
      <Filter>Components</Filter>
    </ClCompile>
    <ClCompile Include="..\..\src\Mar.io\Components\InvincibilityPowerUp.cpp">
      <Filter>Components</Filter>
    </ClCompile>
    <ClCompile Include="..\..\src\Mar.io\Components\Goal.cpp">
      <Filter>Components</Filter>
    </ClCompile>
    <ClCompile Include="..\..\src\Mar.io\Components\LevelScore.cpp">
      <Filter>Components</Filter>
    </ClCompile>
    <ClCompile Include="..\..\src\Mar.io\Components\FeetDamage.cpp">
      <Filter>Components</Filter>
    </ClCompile>
    <ClCompile Include="..\..\src\Mar.io\Components\EnemyHealth.cpp">
      <Filter>Components</Filter>
    </ClCompile>
    <ClCompile Include="..\..\src\Mar.io\Components\SoundManager.cpp">
      <Filter>Components</Filter>
    </ClCompile>
  </ItemGroup>
  <ItemGroup>
    <ClInclude Include="..\..\src\Mar.io\MarIo.h">
      <Filter>Header Files</Filter>
    </ClInclude>
    <ClInclude Include="..\..\src\Mar.io\Components\CameraFollow.h">
      <Filter>Components</Filter>
    </ClInclude>
    <ClInclude Include="..\..\src\Mar.io\Components\Chest.h">
      <Filter>Components</Filter>
    </ClInclude>
    <ClInclude Include="..\..\src\Mar.io\Components\Coin.h">
      <Filter>Components</Filter>
    </ClInclude>
    <ClInclude Include="..\..\src\Mar.io\Components\ContactDamage.h">
      <Filter>Components</Filter>
    </ClInclude>
    <ClInclude Include="..\..\src\Mar.io\Components\FallDamage.h">
      <Filter>Components</Filter>
    </ClInclude>
    <ClInclude Include="..\..\src\Mar.io\Components\Fist.h">
      <Filter>Components</Filter>
    </ClInclude>
    <ClInclude Include="..\..\src\Mar.io\Components\GameManager.h">
      <Filter>Components</Filter>
    </ClInclude>
    <ClInclude Include="..\..\src\Mar.io\Components\Health.h">
      <Filter>Components</Filter>
    </ClInclude>
    <ClInclude Include="..\..\src\Mar.io\Components\PlayerMovementController.h">
      <Filter>Components</Filter>
    </ClInclude>
    <ClInclude Include="..\..\src\Mar.io\Components\PlayerSetting.h">
      <Filter>Components</Filter>
    </ClInclude>
    <ClInclude Include="..\..\src\Mar.io\Components\SideMovement.h">
      <Filter>Components</Filter>
    </ClInclude>
    <ClInclude Include="..\..\src\Mar.io\gameDefs.h">
      <Filter>Header Files</Filter>
    </ClInclude>
    <ClInclude Include="..\..\src\Mar.io\Components\Score.h">
      <Filter>Components</Filter>
    </ClInclude>
    <ClInclude Include="..\..\src\Mar.io\Components\HeartPowerUp.h">
      <Filter>Components</Filter>
    </ClInclude>
    <ClInclude Include="..\..\src\Mar.io\Components\InvincibilityPowerUp.h">
      <Filter>Components</Filter>
    </ClInclude>
    <ClInclude Include="..\..\src\Mar.io\Components\Goal.h">
      <Filter>Components</Filter>
    </ClInclude>
    <ClInclude Include="..\..\src\Mar.io\Components\LevelScore.h">
      <Filter>Components</Filter>
    </ClInclude>
    <ClInclude Include="..\..\src\Mar.io\Components\FeetDamage.h">
      <Filter>Components</Filter>
    </ClInclude>
    <ClInclude Include="..\..\src\Mar.io\Components\EnemyHealth.h">
      <Filter>Components</Filter>
    </ClInclude>
    <ClInclude Include="..\..\src\Mar.io\Components\SoundManager.h">
      <Filter>Components</Filter>
    </ClInclude>
  </ItemGroup>
</Project>